<?xml version="1.0" encoding="utf-8"?>
<Project xmlns="http://schemas.microsoft.com/developer/msbuild/2003">
  <ItemGroup>
    <Filter Include="Form Files">
      <UniqueIdentifier>{99349809-55BA-4b9d-BF79-8FDBB0286EB3}</UniqueIdentifier>
      <Extensions>ui</Extensions>
      <ParseFiles>false</ParseFiles>
    </Filter>
    <Filter Include="Form Files">
      <UniqueIdentifier>{99349809-55BA-4b9d-BF79-8FDBB0286EB3}</UniqueIdentifier>
      <Extensions>ui</Extensions>
      <ParseFiles>false</ParseFiles>
    </Filter>
    <Filter Include="Generated Files">
      <UniqueIdentifier>{71ED8ED8-ACB9-4CE9-BBE1-E00B30144E11}</UniqueIdentifier>
      <Extensions>cpp;c;cxx;moc;h;def;odl;idl;res;</Extensions>
    </Filter>
    <Filter Include="Generated Files">
      <UniqueIdentifier>{71ED8ED8-ACB9-4CE9-BBE1-E00B30144E11}</UniqueIdentifier>
      <Extensions>cpp;c;cxx;moc;h;def;odl;idl;res;</Extensions>
    </Filter>
    <Filter Include="Header Files">
      <UniqueIdentifier>{93995380-89BD-4b04-88EB-625FBE52EBFB}</UniqueIdentifier>
      <Extensions>h;hpp;hxx;hm;inl;inc;xsd</Extensions>
    </Filter>
    <Filter Include="Header Files">
      <UniqueIdentifier>{93995380-89BD-4b04-88EB-625FBE52EBFB}</UniqueIdentifier>
      <Extensions>h;hpp;hxx;hm;inl;inc;xsd</Extensions>
    </Filter>
    <Filter Include="Resource Files">
      <UniqueIdentifier>{D9D6E242-F8AF-46E4-B9FD-80ECBC20BA3E}</UniqueIdentifier>
      <Extensions>qrc;*</Extensions>
      <ParseFiles>false</ParseFiles>
    </Filter>
    <Filter Include="Resource Files">
      <UniqueIdentifier>{D9D6E242-F8AF-46E4-B9FD-80ECBC20BA3E}</UniqueIdentifier>
      <Extensions>qrc;*</Extensions>
      <ParseFiles>false</ParseFiles>
    </Filter>
    <Filter Include="Source Files">
      <UniqueIdentifier>{4FC737F1-C7A5-4376-A066-2A32D752A2FF}</UniqueIdentifier>
      <Extensions>cpp;c;cxx;def;odl;idl;hpj;bat;asm;asmx</Extensions>
    </Filter>
    <Filter Include="Source Files">
      <UniqueIdentifier>{4FC737F1-C7A5-4376-A066-2A32D752A2FF}</UniqueIdentifier>
      <Extensions>cpp;c;cxx;def;odl;idl;hpj;bat;asm;asmx</Extensions>
    </Filter>
    <Filter Include="Distribution Files">
      <UniqueIdentifier>{B83CAF91-C7BF-462F-B76C-EA11631F866C}</UniqueIdentifier>
      <Extensions>*</Extensions>
      <ParseFiles>false</ParseFiles>
    </Filter>
    <Filter Include="Distribution Files">
      <UniqueIdentifier>{B83CAF91-C7BF-462F-B76C-EA11631F866C}</UniqueIdentifier>
      <Extensions>*</Extensions>
      <ParseFiles>false</ParseFiles>
    </Filter>
    <Filter Include="cuda">
      <UniqueIdentifier>{E0D8C965-CC5F-43d7-AD63-FAEF0BBC0F85}-cuda</UniqueIdentifier>
      <ParseFiles>false</ParseFiles>
    </Filter>
    <Filter Include="cuda_d">
      <UniqueIdentifier>{E0D8C965-CC5F-43d7-AD63-FAEF0BBC0F85}-cuda_d</UniqueIdentifier>
      <ParseFiles>false</ParseFiles>
    </Filter>
  </ItemGroup>
  <ItemGroup>
    <ClCompile Include="support\scenegraph\BasicFireScene.cpp">
      <Filter>Source Files</Filter>
    </ClCompile>
    <ClCompile Include="support\scenegraph\BasicForestScene.cpp">
      <Filter>Source Files</Filter>
    </ClCompile>
    <ClCompile Include="support\gl\shaders\CS123Shader.cpp">
      <Filter>Source Files</Filter>
    </ClCompile>
    <ClCompile Include="support\lib\CS123XmlSceneParser.cpp">
      <Filter>Source Files</Filter>
    </ClCompile>
    <ClCompile Include="support\camera\CamtransCamera.cpp">
      <Filter>Source Files</Filter>
    </ClCompile>
    <ClCompile Include="support\shapes\CircleBase.cpp">
      <Filter>Source Files</Filter>
    </ClCompile>
    <ClCompile Include="support\shapes\Cone.cpp">
      <Filter>Source Files</Filter>
    </ClCompile>
    <ClCompile Include="support\shapes\Cube.cpp">
      <Filter>Source Files</Filter>
    </ClCompile>
    <ClCompile Include="support\shapes\Cylinder.cpp">
      <Filter>Source Files</Filter>
    </ClCompile>
    <ClCompile Include="support\gl\textures\DepthBuffer.cpp">
      <Filter>Source Files</Filter>
    </ClCompile>
    <ClCompile Include="support\gl\datatype\FBO.cpp">
      <Filter>Source Files</Filter>
    </ClCompile>
    <ClCompile Include="support\shapes\Fruit.cpp">
      <Filter>Source Files</Filter>
    </ClCompile>
    <ClCompile Include="support\gl\util\FullScreenQuad.cpp">
      <Filter>Source Files</Filter>
    </ClCompile>
    <ClCompile Include="support\gl\GLDebug.cpp">
      <Filter>Source Files</Filter>
    </ClCompile>
    <ClCompile Include="support\gl\datatype\IBO.cpp">
      <Filter>Source Files</Filter>
    </ClCompile>
    <ClCompile Include="trees\LSystem.cpp">
      <Filter>Source Files</Filter>
    </ClCompile>
    <ClCompile Include="support\shapes\Leaf.cpp">
      <Filter>Source Files</Filter>
    </ClCompile>
    <ClCompile Include="support\scenegraph\OpenGLScene.cpp">
      <Filter>Source Files</Filter>
    </ClCompile>
    <ClCompile Include="support\shapes\OpenGLShape.cpp">
      <Filter>Source Files</Filter>
    </ClCompile>
    <ClCompile Include="support\camera\OrbitingCamera.cpp">
      <Filter>Source Files</Filter>
    </ClCompile>
    <ClCompile Include="support\camera\QuaternionCamera.cpp">
      <Filter>Source Files</Filter>
    </ClCompile>
    <ClCompile Include="support\lib\RGBA.cpp">
      <Filter>Source Files</Filter>
    </ClCompile>
    <ClCompile Include="support\gl\textures\RenderBuffer.cpp">
      <Filter>Source Files</Filter>
    </ClCompile>
    <ClCompile Include="support\lib\ResourceLoader.cpp">
      <Filter>Source Files</Filter>
    </ClCompile>
    <ClCompile Include="support\scenegraph\Scene.cpp">
      <Filter>Source Files</Filter>
    </ClCompile>
    <ClCompile Include="support\Settings.cpp">
      <Filter>Source Files</Filter>
    </ClCompile>
    <ClCompile Include="support\gl\shaders\Shader.cpp">
      <Filter>Source Files</Filter>
    </ClCompile>
    <ClCompile Include="support\shapes\Shape.cpp">
      <Filter>Source Files</Filter>
    </ClCompile>
    <ClCompile Include="support\shapes\Sphere.cpp">
      <Filter>Source Files</Filter>
    </ClCompile>
    <ClCompile Include="support\scenegraph\SupportCanvas3D.cpp">
      <Filter>Source Files</Filter>
    </ClCompile>
    <ClCompile Include="support\shapes\Tessellator.cpp">
      <Filter>Source Files</Filter>
    </ClCompile>
    <ClCompile Include="support\gl\textures\Texture.cpp">
      <Filter>Source Files</Filter>
    </ClCompile>
    <ClCompile Include="support\gl\textures\Texture2D.cpp">
      <Filter>Source Files</Filter>
    </ClCompile>
    <ClCompile Include="support\gl\textures\TextureParameters.cpp">
      <Filter>Source Files</Filter>
    </ClCompile>
    <ClCompile Include="support\gl\textures\TextureParametersBuilder.cpp">
      <Filter>Source Files</Filter>
    </ClCompile>
    <ClCompile Include="trees\TreeGenerator.cpp">
      <Filter>Source Files</Filter>
    </ClCompile>
    <ClCompile Include="support\shapes\Trunk.cpp">
      <Filter>Source Files</Filter>
    </ClCompile>
    <ClCompile Include="support\gl\datatype\VAO.cpp">
      <Filter>Source Files</Filter>
    </ClCompile>
    <ClCompile Include="support\gl\datatype\VBO.cpp">
      <Filter>Source Files</Filter>
    </ClCompile>
    <ClCompile Include="support\gl\datatype\VBOAttribMarker.cpp">
      <Filter>Source Files</Filter>
    </ClCompile>
    <ClCompile Include="ui\extrawidgets\ctkrangeslider.cpp">
      <Filter>Source Files</Filter>
    </ClCompile>
    <ClCompile Include="fire\fire.cpp">
      <Filter>Source Files</Filter>
    </ClCompile>
    <ClCompile Include="trees\forest.cpp">
      <Filter>Source Files</Filter>
    </ClCompile>
    <ClCompile Include="glew-1.10.0\src\glew.c">
      <Filter>Source Files</Filter>
    </ClCompile>
    <ClCompile Include="main.cpp">
      <Filter>Source Files</Filter>
    </ClCompile>
    <ClCompile Include="ui\mainwindow.cpp">
      <Filter>Source Files</Filter>
    </ClCompile>
    <ClCompile Include="trees\module.cpp">
      <Filter>Source Files</Filter>
    </ClCompile>
    <ClCompile Include="simulation\physics.cpp">
      <Filter>Source Files</Filter>
    </ClCompile>
    <ClCompile Include="simulation\simulationheattransfer.cpp">
      <Filter>Source Files</Filter>
    </ClCompile>
    <ClCompile Include="simulation\simulationwaterphysics.cpp">
      <Filter>Source Files</Filter>
    </ClCompile>
    <ClCompile Include="simulation\simulationwindfield.cpp">
      <Filter>Source Files</Filter>
    </ClCompile>
    <ClCompile Include="simulation\simulator.cpp">
      <Filter>Source Files</Filter>
    </ClCompile>
    <ClCompile Include="fire\smoke.cpp">
      <Filter>Source Files</Filter>
    </ClCompile>
    <ClCompile Include="trees\terrain.cpp">
      <Filter>Source Files</Filter>
    </ClCompile>
    <ClCompile Include="voxels\voxel.cpp">
      <Filter>Source Files</Filter>
    </ClCompile>
    <ClCompile Include="voxels\voxelgrid.cpp">
      <Filter>Source Files</Filter>
    </ClCompile>
    <ClCompile Include="voxels\voxelgridline.cpp">
      <Filter>Source Files</Filter>
    </ClCompile>
  </ItemGroup>
  <ItemGroup>
    <ClInclude Include="support\scenegraph\BasicFireScene.h">
      <Filter>Header Files</Filter>
    </ClInclude>
    <ClInclude Include="support\scenegraph\BasicForestScene.h">
      <Filter>Header Files</Filter>
    </ClInclude>
    <ClInclude Include="support\lib\CS123ISceneParser.h">
      <Filter>Header Files</Filter>
    </ClInclude>
    <ClInclude Include="support\lib\CS123SceneData.h">
      <Filter>Header Files</Filter>
    </ClInclude>
    <ClInclude Include="support\gl\shaders\CS123Shader.h">
      <Filter>Header Files</Filter>
    </ClInclude>
    <ClInclude Include="support\lib\CS123XmlSceneParser.h">
      <Filter>Header Files</Filter>
    </ClInclude>
    <ClInclude Include="support\camera\Camera.h">
      <Filter>Header Files</Filter>
    </ClInclude>
    <ClInclude Include="support\camera\CamtransCamera.h">
      <Filter>Header Files</Filter>
    </ClInclude>
    <ClInclude Include="support\shapes\CircleBase.h">
      <Filter>Header Files</Filter>
    </ClInclude>
    <ClInclude Include="support\shapes\Cone.h">
      <Filter>Header Files</Filter>
    </ClInclude>
    <ClInclude Include="support\shapes\Cube.h">
      <Filter>Header Files</Filter>
    </ClInclude>
    <ClInclude Include="support\shapes\Cylinder.h">
      <Filter>Header Files</Filter>
    </ClInclude>
    <ClInclude Include="support\gl\textures\DepthBuffer.h">
      <Filter>Header Files</Filter>
    </ClInclude>
    <ClInclude Include="support\gl\datatype\FBO.h">
      <Filter>Header Files</Filter>
    </ClInclude>
    <ClInclude Include="support\shapes\Fruit.h">
      <Filter>Header Files</Filter>
    </ClInclude>
    <ClInclude Include="support\gl\util\FullScreenQuad.h">
      <Filter>Header Files</Filter>
    </ClInclude>
    <ClInclude Include="support\gl\GLDebug.h">
      <Filter>Header Files</Filter>
    </ClInclude>
    <ClInclude Include="support\gl\datatype\IBO.h">
      <Filter>Header Files</Filter>
    </ClInclude>
    <ClInclude Include="trees\LSystem.h">
      <Filter>Header Files</Filter>
    </ClInclude>
    <ClInclude Include="support\shapes\Leaf.h">
      <Filter>Header Files</Filter>
    </ClInclude>
    <ClInclude Include="support\scenegraph\OpenGLScene.h">
      <Filter>Header Files</Filter>
    </ClInclude>
    <ClInclude Include="support\shapes\OpenGLShape.h">
      <Filter>Header Files</Filter>
    </ClInclude>
    <ClInclude Include="support\camera\OrbitingCamera.h">
      <Filter>Header Files</Filter>
    </ClInclude>
    <ClInclude Include="support\camera\QuaternionCamera.h">
      <Filter>Header Files</Filter>
    </ClInclude>
    <ClInclude Include="support\lib\RGBA.h">
      <Filter>Header Files</Filter>
    </ClInclude>
    <ClInclude Include="utils\Random.h">
      <Filter>Header Files</Filter>
    </ClInclude>
    <ClInclude Include="support\gl\textures\RenderBuffer.h">
      <Filter>Header Files</Filter>
    </ClInclude>
    <ClInclude Include="support\lib\ResourceLoader.h">
      <Filter>Header Files</Filter>
    </ClInclude>
    <ClInclude Include="support\scenegraph\Scene.h">
      <Filter>Header Files</Filter>
    </ClInclude>
    <ClInclude Include="support\Settings.h">
      <Filter>Header Files</Filter>
    </ClInclude>
    <ClInclude Include="support\gl\shaders\Shader.h">
      <Filter>Header Files</Filter>
    </ClInclude>
    <ClInclude Include="support\gl\shaders\ShaderAttribLocations.h">
      <Filter>Header Files</Filter>
    </ClInclude>
    <ClInclude Include="support\shapes\Shape.h">
      <Filter>Header Files</Filter>
    </ClInclude>
    <ClInclude Include="support\shapes\Sphere.h">
      <Filter>Header Files</Filter>
    </ClInclude>
    <QtMoc Include="support\scenegraph\SupportCanvas3D.h">
      <Filter>Header Files</Filter>
    </QtMoc>
    <ClInclude Include="support\shapes\Tessellator.h">
      <Filter>Header Files</Filter>
    </ClInclude>
    <ClInclude Include="support\gl\textures\Texture.h">
      <Filter>Header Files</Filter>
    </ClInclude>
    <ClInclude Include="support\gl\textures\Texture2D.h">
      <Filter>Header Files</Filter>
    </ClInclude>
    <ClInclude Include="support\gl\textures\TextureParameters.h">
      <Filter>Header Files</Filter>
    </ClInclude>
    <ClInclude Include="support\gl\textures\TextureParametersBuilder.h">
      <Filter>Header Files</Filter>
    </ClInclude>
    <ClInclude Include="trees\TreeGenerator.h">
      <Filter>Header Files</Filter>
    </ClInclude>
    <ClInclude Include="support\shapes\TriMesh.h">
      <Filter>Header Files</Filter>
    </ClInclude>
    <ClInclude Include="support\shapes\Trunk.h">
      <Filter>Header Files</Filter>
    </ClInclude>
    <ClInclude Include="support\gl\datatype\VAO.h">
      <Filter>Header Files</Filter>
    </ClInclude>
    <ClInclude Include="support\gl\datatype\VBO.h">
      <Filter>Header Files</Filter>
    </ClInclude>
    <ClInclude Include="support\gl\datatype\VBOAttribMarker.h">
      <Filter>Header Files</Filter>
    </ClInclude>
    <QtMoc Include="ui\extrawidgets\ctkrangeslider.h">
      <Filter>Header Files</Filter>
    </QtMoc>
    <ClInclude Include="fire\fire.h">
      <Filter>Header Files</Filter>
    </ClInclude>
    <ClInclude Include="trees\forest.h">
      <Filter>Header Files</Filter>
    </ClInclude>
    <ClInclude Include="glew-1.10.0\include\GL\glew.h">
      <Filter>Header Files</Filter>
    </ClInclude>
    <QtMoc Include="ui\mainwindow.h">
      <Filter>Header Files</Filter>
    </QtMoc>
    <ClInclude Include="trees\module.h">
      <Filter>Header Files</Filter>
    </ClInclude>
    <ClInclude Include="fire\particle.h">
      <Filter>Header Files</Filter>
    </ClInclude>
    <ClInclude Include="simulation\physics.h">
      <Filter>Header Files</Filter>
    </ClInclude>
    <ClInclude Include="simulation\simulator.h">
      <Filter>Header Files</Filter>
    </ClInclude>
    <ClInclude Include="fire\smoke.h">
      <Filter>Header Files</Filter>
    </ClInclude>
    <ClInclude Include="trees\terrain.h">
      <Filter>Header Files</Filter>
    </ClInclude>
    <ClInclude Include="voxels\voxel.h">
      <Filter>Header Files</Filter>
    </ClInclude>
    <ClInclude Include="voxels\voxelgrid.h">
      <Filter>Header Files</Filter>
    </ClInclude>
    <ClInclude Include="voxels\voxelgridline.h">
      <Filter>Header Files</Filter>
    </ClInclude>
  </ItemGroup>
  <ItemGroup>
    <CustomBuild Include="debug\moc_predefs.h.cbt">
      <Filter>Generated Files</Filter>
    </CustomBuild>
    <CustomBuild Include="release\moc_predefs.h.cbt">
      <Filter>Generated Files</Filter>
    </CustomBuild>
    <CustomBuild Include="cuda_lib\jacobi.cu" />
  </ItemGroup>
  <ItemGroup>
    <QtUic Include="ui\mainwindow.ui">
      <Filter>Form Files</Filter>
    </QtUic>
  </ItemGroup>
  <ItemGroup>
    <None Include="xmlScenes\basicScene.xml">
      <Filter>Resource Files</Filter>
    </None>
    <None Include="shaders\fire.frag">
      <Filter>Resource Files</Filter>
    </None>
    <None Include="fire\fire_particle.jpg">
      <Filter>Resource Files</Filter>
    </None>
    <None Include="fire\fire_particle2.png">
      <Filter>Resource Files</Filter>
    </None>
    <None Include="shaders\gridline.frag">
      <Filter>Resource Files</Filter>
    </None>
    <None Include="shaders\gridline.vert">
      <Filter>Resource Files</Filter>
    </None>
    <None Include="icon\killWithFire.png">
      <Filter>Resource Files</Filter>
    </None>
    <None Include="shaders\module.frag">
      <Filter>Resource Files</Filter>
    </None>
    <None Include="shaders\particle.vert">
      <Filter>Resource Files</Filter>
    </None>
    <None Include="shaders\quad.vert">
      <Filter>Resource Files</Filter>
    </None>
    <QtRcc Include="resources.qrc">
      <Filter>Resource Files</Filter>
    </QtRcc>
    <None Include="shaders\shader.frag">
      <Filter>Resource Files</Filter>
    </None>
    <None Include="shaders\shader.vert">
      <Filter>Resource Files</Filter>
    </None>
    <None Include="shaders\smoke.frag">
      <Filter>Resource Files</Filter>
    </None>
    <None Include="xmlScenes\basicScene.xml" />
  </ItemGroup>
  <ItemGroup>
    <None Include="xmlScenes\basicScene.xml">
      <Filter>Distribution Files</Filter>
    </None>
  </ItemGroup>
  <ItemGroup>
    <CustomBuild Include="cuda_lib\jacobi.cu">
      <Filter>cuda</Filter>
    </CustomBuild>
  </ItemGroup>
  <ItemGroup>
    <CustomBuild Include="cuda_lib\jacobi.cu">
      <Filter>cuda_d</Filter>
    </CustomBuild>
  </ItemGroup>
</Project>